<?xml version="1.0" encoding="UTF-8" standalone="yes" ?>
<CodeBlocks_project_file>
	<FileVersion major="1" minor="6" />
	<Project>
		<Option title="c_practice" />
		<Option pch_mode="2" />
		<Option compiler="gcc" />
		<Build>
			<Target title="Debug">
				<Option output="bin/Debug/c_practice" prefix_auto="1" extension_auto="1" />
				<Option object_output="obj/Debug/" />
				<Option type="1" />
				<Option compiler="gcc" />
				<Compiler>
					<Add option="-g" />
				</Compiler>
			</Target>
			<Target title="Release">
				<Option output="bin/Release/c_practice" prefix_auto="1" extension_auto="1" />
				<Option object_output="obj/Release/" />
				<Option type="1" />
				<Option compiler="gcc" />
				<Compiler>
					<Add option="-O2" />
				</Compiler>
				<Linker>
					<Add option="-s" />
				</Linker>
			</Target>
		</Build>
		<Compiler>
			<Add option="-Wall" />
		</Compiler>
		<Unit filename="another_file.c">
			<Option compilerVar="CC" />
		</Unit>
		<Unit filename="beaufort_scale.c">
			<Option compilerVar="CC" />
		</Unit>
		<Unit filename="calendar_printer.c">
			<Option compilerVar="CC" />
		</Unit>
		<Unit filename="celsius_program.c">
			<Option compilerVar="CC" />
		</Unit>
		<Unit filename="ch6_excercises.c">
			<Option compilerVar="CC" />
		</Unit>
		<Unit filename="chap7_exercises.c">
			<Option compilerVar="CC" />
		</Unit>
		<Unit filename="chap7_notes.c">
			<Option compilerVar="CC" />
		</Unit>
		<Unit filename="compute_value_of_e.c">
			<Option compilerVar="CC" />
		</Unit>
		<Unit filename="converted_square3.c">
			<Option compilerVar="CC" />
		</Unit>
		<Unit filename="date_format_project.c">
			<Option compilerVar="CC" />
		</Unit>
		<Unit filename="decimal_to_octal.c">
			<Option compilerVar="CC" />
		</Unit>
		<Unit filename="digit_counter.c">
			<Option compilerVar="CC" />
		</Unit>
		<Unit filename="dollar_counting_project.c">
			<Option compilerVar="CC" />
		</Unit>
		<Unit filename="earliest_date.c">
			<Option compilerVar="CC" />
		</Unit>
		<Unit filename="even_squares.c">
			<Option compilerVar="CC" />
		</Unit>
		<Unit filename="excercises_selection_statements.c">
			<Option compilerVar="CC" />
		</Unit>
		<Unit filename="find_gcd.c">
			<Option compilerVar="CC" />
		</Unit>
		<Unit filename="fraction_adder.c">
			<Option compilerVar="CC" />
		</Unit>
		<Unit filename="magic_square_problem.c">
			<Option compilerVar="CC" />
		</Unit>
		<Unit filename="main.c">
			<Option compilerVar="CC" />
		</Unit>
		<Unit filename="military_time_convertor.c">
			<Option compilerVar="CC" />
		</Unit>
		<Unit filename="number_reverser.c">
			<Option compilerVar="CC" />
		</Unit>
		<Unit filename="project_largest_num.c">
			<Option compilerVar="CC" />
		</Unit>
		<Unit filename="project_modify_square2.c">
			<Option compilerVar="CC" />
		</Unit>
		<Unit filename="purchase_problem.c">
			<Option compilerVar="CC" />
		</Unit>
		<Unit filename="reduce_fraction.c">
			<Option compilerVar="CC" />
		</Unit>
		<Unit filename="reverse_digits_loop.c">
			<Option compilerVar="CC" />
		</Unit>
		<Unit filename="upc_code.c">
			<Option compilerVar="CC" />
		</Unit>
		<Unit filename="volume_sphere_project.c">
			<Option compilerVar="CC" />
		</Unit>
		<Extensions>
			<lib_finder disable_auto="1" />
		</Extensions>
	</Project>
</CodeBlocks_project_file>
